
Microsoft Visual Studio Solution File, Format Version 12.00
# Visual Studio 15
VisualStudioVersion = 15.0.28307.438
MinimumVisualStudioVersion = 10.0.40219.1
Project("{9A19103F-16F7-4668-BE54-9A1E7A4F7556}") = "XRoad.GlobalConfiguration", "XRoad.GlobalConfiguration\XRoad.GlobalConfiguration.csproj", "{8E0A416A-1336-47FD-BD2B-00A106674792}"
EndProject
Project("{9A19103F-16F7-4668-BE54-9A1E7A4F7556}") = "XRoad.Domain", "XRoad.Domain\XRoad.Domain.csproj", "{27FE15CC-F118-47D1-9E82-BE750F3D1AA8}"
EndProject
Project("{FAE04EC0-301F-11D3-BF4B-00C04F79EFBC}") = "XRoad.OpMonitor", "XRoad.OpMonitor\XRoad.OpMonitor.csproj", "{D2C333FF-6B71-4704-BB92-10311C7B8E71}"
EndProject
Project("{FAE04EC0-301F-11D3-BF4B-00C04F79EFBC}") = "Monitor.Domain", "Monitor.Domain\Monitor.Domain.csproj", "{B2A9F013-BD9F-4A73-9A03-8EE489E0C4C0}"
EndProject
Project("{FAE04EC0-301F-11D3-BF4B-00C04F79EFBC}") = "Monitor.Daemon", "Monitor.Daemon\Monitor.Daemon.csproj", "{F6F5C64F-7D6D-47BB-AE5F-A67DFECB9A05}"
EndProject
Global
	GlobalSection(SolutionConfigurationPlatforms) = preSolution
		Debug|Any CPU = Debug|Any CPU
		Release|Any CPU = Release|Any CPU
	EndGlobalSection
	GlobalSection(ProjectConfigurationPlatforms) = postSolution
		{8E0A416A-1336-47FD-BD2B-00A106674792}.Debug|Any CPU.ActiveCfg = Debug|Any CPU
		{8E0A416A-1336-47FD-BD2B-00A106674792}.Release|Any CPU.ActiveCfg = Release|Any CPU
		{8E0A416A-1336-47FD-BD2B-00A106674792}.Release|Any CPU.Build.0 = Release|Any CPU
		{27FE15CC-F118-47D1-9E82-BE750F3D1AA8}.Debug|Any CPU.ActiveCfg = Debug|Any CPU
		{27FE15CC-F118-47D1-9E82-BE750F3D1AA8}.Release|Any CPU.ActiveCfg = Release|Any CPU
		{27FE15CC-F118-47D1-9E82-BE750F3D1AA8}.Release|Any CPU.Build.0 = Release|Any CPU
		{D2C333FF-6B71-4704-BB92-10311C7B8E71}.Debug|Any CPU.ActiveCfg = Debug|Any CPU
		{D2C333FF-6B71-4704-BB92-10311C7B8E71}.Release|Any CPU.ActiveCfg = Release|Any CPU
		{D2C333FF-6B71-4704-BB92-10311C7B8E71}.Release|Any CPU.Build.0 = Release|Any CPU
		{B2A9F013-BD9F-4A73-9A03-8EE489E0C4C0}.Debug|Any CPU.ActiveCfg = Debug|Any CPU
		{B2A9F013-BD9F-4A73-9A03-8EE489E0C4C0}.Release|Any CPU.ActiveCfg = Release|Any CPU
		{B2A9F013-BD9F-4A73-9A03-8EE489E0C4C0}.Release|Any CPU.Build.0 = Release|Any CPU
		{F6F5C64F-7D6D-47BB-AE5F-A67DFECB9A05}.Debug|Any CPU.ActiveCfg = Debug|Any CPU
		{F6F5C64F-7D6D-47BB-AE5F-A67DFECB9A05}.Debug|Any CPU.Build.0 = Debug|Any CPU
		{F6F5C64F-7D6D-47BB-AE5F-A67DFECB9A05}.Release|Any CPU.ActiveCfg = Release|Any CPU
		{F6F5C64F-7D6D-47BB-AE5F-A67DFECB9A05}.Release|Any CPU.Build.0 = Release|Any CPU
	EndGlobalSection
	GlobalSection(SolutionProperties) = preSolution
		HideSolutionNode = FALSE
	EndGlobalSection
	GlobalSection(ExtensibilityGlobals) = postSolution
		SolutionGuid = {D6434E82-A9AC-4AB2-8188-C61964D27C74}
	EndGlobalSection
EndGlobal
